// !$*UTF8*$!
{
	archiveVersion = 1;
	classes = {
	};
	objectVersion = 48;
	objects = {

/* Begin PBXBuildFile section */
		0AAEEA0C1FA7DEDB001E9FFD /* AppDelegate.swift in Sources */ = {isa = PBXBuildFile; fileRef = 0AAEEA0B1FA7DEDB001E9FFD /* AppDelegate.swift */; };
		0AAEEA0E1FA7DEDB001E9FFD /* ViewController.swift in Sources */ = {isa = PBXBuildFile; fileRef = 0AAEEA0D1FA7DEDB001E9FFD /* ViewController.swift */; };
		0AAEEA111FA7DEDB001E9FFD /* Main.storyboard in Resources */ = {isa = PBXBuildFile; fileRef = 0AAEEA0F1FA7DEDB001E9FFD /* Main.storyboard */; };
		0AAEEA131FA7DEDB001E9FFD /* Assets.xcassets in Resources */ = {isa = PBXBuildFile; fileRef = 0AAEEA121FA7DEDB001E9FFD /* Assets.xcassets */; };
		0AAEEA161FA7DEDB001E9FFD /* LaunchScreen.storyboard in Resources */ = {isa = PBXBuildFile; fileRef = 0AAEEA141FA7DEDB001E9FFD /* LaunchScreen.storyboard */; };
		0AAEEA221FA7E05A001E9FFD /* trailer2.png in Resources */ = {isa = PBXBuildFile; fileRef = 0AAEEA1F1FA7E05A001E9FFD /* trailer2.png */; };
		0AAEEA231FA7E05A001E9FFD /* trailer3.png in Resources */ = {isa = PBXBuildFile; fileRef = 0AAEEA201FA7E05A001E9FFD /* trailer3.png */; };
		0AAEEA241FA7E05A001E9FFD /* trailer1.png in Resources */ = {isa = PBXBuildFile; fileRef = 0AAEEA211FA7E05A001E9FFD /* trailer1.png */; };
		0AAEEA281FA7E07F001E9FFD /* trailer2.mp4 in Resources */ = {isa = PBXBuildFile; fileRef = 0AAEEA251FA7E07D001E9FFD /* trailer2.mp4 */; };
		0AAEEA291FA7E07F001E9FFD /* trailer3.mp4 in Resources */ = {isa = PBXBuildFile; fileRef = 0AAEEA261FA7E07D001E9FFD /* trailer3.mp4 */; };
		0AAEEA2A1FA7E07F001E9FFD /* trailer1.mp4 in Resources */ = {isa = PBXBuildFile; fileRef = 0AAEEA271FA7E07F001E9FFD /* trailer1.mp4 */; };
		0AAEEA2C1FA7E126001E9FFD /* VideoViewController.swift in Sources */ = {isa = PBXBuildFile; fileRef = 0AAEEA2B1FA7E126001E9FFD /* VideoViewController.swift */; };
/* End PBXBuildFile section */

/* Begin PBXFileReference section */
		0AAEEA081FA7DEDB001E9FFD /* MyVideo.app */ = {isa = PBXFileReference; explicitFileType = wrapper.application; includeInIndex = 0; path = MyVideo.app; sourceTree = BUILT_PRODUCTS_DIR; };
		0AAEEA0B1FA7DEDB001E9FFD /* AppDelegate.swift */ = {isa = PBXFileReference; lastKnownFileType = sourcecode.swift; path = AppDelegate.swift; sourceTree = "<group>"; };
		0AAEEA0D1FA7DEDB001E9FFD /* ViewController.swift */ = {isa = PBXFileReference; lastKnownFileType = sourcecode.swift; path = ViewController.swift; sourceTree = "<group>"; };
		0AAEEA101FA7DEDB001E9FFD /* Base */ = {isa = PBXFileReference; lastKnownFileType = file.storyboard; name = Base; path = Base.lproj/Main.storyboard; sourceTree = "<group>"; };
		0AAEEA121FA7DEDB001E9FFD /* Assets.xcassets */ = {isa = PBXFileReference; lastKnownFileType = folder.assetcatalog; path = Assets.xcassets; sourceTree = "<group>"; };
		0AAEEA151FA7DEDB001E9FFD /* Base */ = {isa = PBXFileReference; lastKnownFileType = file.storyboard; name = Base; path = Base.lproj/LaunchScreen.storyboard; sourceTree = "<group>"; };
		0AAEEA171FA7DEDB001E9FFD /* Info.plist */ = {isa = PBXFileReference; lastKnownFileType = text.plist.xml; path = Info.plist; sourceTree = "<group>"; };
		0AAEEA1F1FA7E05A001E9FFD /* trailer2.png */ = {isa = PBXFileReference; lastKnownFileType = image.png; path = trailer2.png; sourceTree = "<group>"; };
		0AAEEA201FA7E05A001E9FFD /* trailer3.png */ = {isa = PBXFileReference; lastKnownFileType = image.png; path = trailer3.png; sourceTree = "<group>"; };
		0AAEEA211FA7E05A001E9FFD /* trailer1.png */ = {isa = PBXFileReference; lastKnownFileType = image.png; path = trailer1.png; sourceTree = "<group>"; };
		0AAEEA251FA7E07D001E9FFD /* trailer2.mp4 */ = {isa = PBXFileReference; lastKnownFileType = file; path = trailer2.mp4; sourceTree = "<group>"; };
		0AAEEA261FA7E07D001E9FFD /* trailer3.mp4 */ = {isa = PBXFileReference; lastKnownFileType = file; path = trailer3.mp4; sourceTree = "<group>"; };
		0AAEEA271FA7E07F001E9FFD /* trailer1.mp4 */ = {isa = PBXFileReference; lastKnownFileType = file; path = trailer1.mp4; sourceTree = "<group>"; };
		0AAEEA2B1FA7E126001E9FFD /* VideoViewController.swift */ = {isa = PBXFileReference; lastKnownFileType = sourcecode.swift; path = VideoViewController.swift; sourceTree = "<group>"; };
/* End PBXFileReference section */

/* Begin PBXFrameworksBuildPhase section */
		0AAEEA051FA7DEDB001E9FFD /* Frameworks */ = {
			isa = PBXFrameworksBuildPhase;
			buildActionMask = 2147483647;
			files = (
			);
			runOnlyForDeploymentPostprocessing = 0;
		};
/* End PBXFrameworksBuildPhase section */

/* Begin PBXGroup section */
		0AAEE9FF1FA7DEDB001E9FFD = {
			isa = PBXGroup;
			children = (
				0AAEEA2B1FA7E126001E9FFD /* VideoViewController.swift */,
				0AAEEA1E1FA7E022001E9FFD /* Videos */,
				0AAEEA1D1FA7E012001E9FFD /* Images */,
				0AAEEA0A1FA7DEDB001E9FFD /* MyVideo */,
				0AAEEA091FA7DEDB001E9FFD /* Products */,
			);
			sourceTree = "<group>";
		};
		0AAEEA091FA7DEDB001E9FFD /* Products */ = {
			isa = PBXGroup;
			children = (
				0AAEEA081FA7DEDB001E9FFD /* MyVideo.app */,
			);
			name = Products;
			sourceTree = "<group>";
		};
		0AAEEA0A1FA7DEDB001E9FFD /* MyVideo */ = {
			isa = PBXGroup;
			children = (
				0AAEEA0B1FA7DEDB001E9FFD /* AppDelegate.swift */,
				0AAEEA0D1FA7DEDB001E9FFD /* ViewController.swift */,
				0AAEEA0F1FA7DEDB001E9FFD /* Main.storyboard */,
				0AAEEA121FA7DEDB001E9FFD /* Assets.xcassets */,
				0AAEEA141FA7DEDB001E9FFD /* LaunchScreen.storyboard */,
				0AAEEA171FA7DEDB001E9FFD /* Info.plist */,
			);
			path = MyVideo;
			sourceTree = "<group>";
		};
		0AAEEA1D1FA7E012001E9FFD /* Images */ = {
			isa = PBXGroup;
			children = (
				0AAEEA211FA7E05A001E9FFD /* trailer1.png */,
				0AAEEA1F1FA7E05A001E9FFD /* trailer2.png */,
				0AAEEA201FA7E05A001E9FFD /* trailer3.png */,
			);
			path = Images;
			sourceTree = "<group>";
		};
		0AAEEA1E1FA7E022001E9FFD /* Videos */ = {
			isa = PBXGroup;
			children = (
				0AAEEA271FA7E07F001E9FFD /* trailer1.mp4 */,
				0AAEEA251FA7E07D001E9FFD /* trailer2.mp4 */,
				0AAEEA261FA7E07D001E9FFD /* trailer3.mp4 */,
			);
			path = Videos;
			sourceTree = "<group>";
		};
/* End PBXGroup section */

/* Begin PBXNativeTarget section */
		0AAEEA071FA7DEDB001E9FFD /* MyVideo */ = {
			isa = PBXNativeTarget;
			buildConfigurationList = 0AAEEA1A1FA7DEDB001E9FFD /* Build configuration list for PBXNativeTarget "MyVideo" */;
			buildPhases = (
				0AAEEA041FA7DEDB001E9FFD /* Sources */,
				0AAEEA051FA7DEDB001E9FFD /* Frameworks */,
				0AAEEA061FA7DEDB001E9FFD /* Resources */,
			);
			buildRules = (
			);
			dependencies = (
			);
			name = MyVideo;
			productName = MyVideo;
			productReference = 0AAEEA081FA7DEDB001E9FFD /* MyVideo.app */;
			productType = "com.apple.product-type.application";
		};
/* End PBXNativeTarget section */

/* Begin PBXProject section */
		0AAEEA001FA7DEDB001E9FFD /* Project object */ = {
			isa = PBXProject;
			attributes = {
				LastSwiftUpdateCheck = 0900;
				LastUpgradeCheck = 0900;
				ORGANIZATIONNAME = "Jesus Quezada";
				TargetAttributes = {
					0AAEEA071FA7DEDB001E9FFD = {
						CreatedOnToolsVersion = 9.0;
						ProvisioningStyle = Automatic;
					};
				};
			};
			buildConfigurationList = 0AAEEA031FA7DEDB001E9FFD /* Build configuration list for PBXProject "MyVideo" */;
			compatibilityVersion = "Xcode 8.0";
			developmentRegion = en;
			hasScannedForEncodings = 0;
			knownRegions = (
				en,
				Base,
			);
			mainGroup = 0AAEE9FF1FA7DEDB001E9FFD;
			productRefGroup = 0AAEEA091FA7DEDB001E9FFD /* Products */;
			projectDirPath = "";
			projectRoot = "";
			targets = (
				0AAEEA071FA7DEDB001E9FFD /* MyVideo */,
			);
		};
/* End PBXProject section */

/* Begin PBXResourcesBuildPhase section */
		0AAEEA061FA7DEDB001E9FFD /* Resources */ = {
			isa = PBXResourcesBuildPhase;
			buildActionMask = 2147483647;
			files = (
				0AAEEA281FA7E07F001E9FFD /* trailer2.mp4 in Resources */,
				0AAEEA291FA7E07F001E9FFD /* trailer3.mp4 in Resources */,
				0AAEEA231FA7E05A001E9FFD /* trailer3.png in Resources */,
				0AAEEA221FA7E05A001E9FFD /* trailer2.png in Resources */,
				0AAEEA161FA7DEDB001E9FFD /* LaunchScreen.storyboard in Resources */,
				0AAEEA131FA7DEDB001E9FFD /* Assets.xcassets in Resources */,
				0AAEEA111FA7DEDB001E9FFD /* Main.storyboard in Resources */,
				0AAEEA2A1FA7E07F001E9FFD /* trailer1.mp4 in Resources */,
				0AAEEA241FA7E05A001E9FFD /* trailer1.png in Resources */,
			);
			runOnlyForDeploymentPostprocessing = 0;
		};
/* End PBXResourcesBuildPhase section */

/* Begin PBXSourcesBuildPhase section */
		0AAEEA041FA7DEDB001E9FFD /* Sources */ = {
			isa = PBXSourcesBuildPhase;
			buildActionMask = 2147483647;
			files = (
				0AAEEA0E1FA7DEDB001E9FFD /* ViewController.swift in Sources */,
				0AAEEA0C1FA7DEDB001E9FFD /* AppDelegate.swift in Sources */,
				0AAEEA2C1FA7E126001E9FFD /* VideoViewController.swift in Sources */,
			);
			runOnlyForDeploymentPostprocessing = 0;
		};
/* End PBXSourcesBuildPhase section */

/* Begin PBXVariantGroup section */
		0AAEEA0F1FA7DEDB001E9FFD /* Main.storyboard */ = {
			isa = PBXVariantGroup;
			children = (
				0AAEEA101FA7DEDB001E9FFD /* Base */,
			);
			name = Main.storyboard;
			sourceTree = "<group>";
		};
		0AAEEA141FA7DEDB001E9FFD /* LaunchScreen.storyboard */ = {
			isa = PBXVariantGroup;
			children = (
				0AAEEA151FA7DEDB001E9FFD /* Base */,
			);
			name = LaunchScreen.storyboard;
			sourceTree = "<group>";
		};
/* End PBXVariantGroup section */

/* Begin XCBuildConfiguration section */
		0AAEEA181FA7DEDB001E9FFD /* Debug */ = {
			isa = XCBuildConfiguration;
			buildSettings = {
				ALWAYS_SEARCH_USER_PATHS = NO;
				CLANG_ANALYZER_NONNULL = YES;
				CLANG_ANALYZER_NUMBER_OBJECT_CONVERSION = YES_AGGRESSIVE;
				CLANG_CXX_LANGUAGE_STANDARD = "gnu++14";
				CLANG_CXX_LIBRARY = "libc++";
				CLANG_ENABLE_MODULES = YES;
				CLANG_ENABLE_OBJC_ARC = YES;
				CLANG_WARN_BLOCK_CAPTURE_AUTORELEASING = YES;
				CLANG_WARN_BOOL_CONVERSION = YES;
				CLANG_WARN_COMMA = YES;
				CLANG_WARN_CONSTANT_CONVERSION = YES;
				CLANG_WARN_DIRECT_OBJC_ISA_USAGE = YES_ERROR;
				CLANG_WARN_DOCUMENTATION_COMMENTS = YES;
				CLANG_WARN_EMPTY_BODY = YES;
				CLANG_WARN_ENUM_CONVERSION = YES;
				CLANG_WARN_INFINITE_RECURSION = YES;
				CLANG_WARN_INT_CONVERSION = YES;
				CLANG_WARN_NON_LITERAL_NULL_CONVERSION = YES;
				CLANG_WARN_OBJC_LITERAL_CONVERSION = YES;
				CLANG_WARN_OBJC_ROOT_CLASS = YES_ERROR;
				CLANG_WARN_RANGE_LOOP_ANALYSIS = YES;
				CLANG_WARN_STRICT_PROTOTYPES = YES;
				CLANG_WARN_SUSPICIOUS_MOVE = YES;
				CLANG_WARN_UNGUARDED_AVAILABILITY = YES_AGGRESSIVE;
				CLANG_WARN_UNREACHABLE_CODE = YES;
				CLANG_WARN__DUPLICATE_METHOD_MATCH = YES;
				CODE_SIGN_IDENTITY = "iPhone Developer";
				COPY_PHASE_STRIP = NO;
				DEBUG_INFORMATION_FORMAT = dwarf;
				ENABLE_STRICT_OBJC_MSGSEND = YES;
				ENABLE_TESTABILITY = YES;
				GCC_C_LANGUAGE_STANDARD = gnu11;
				GCC_DYNAMIC_NO_PIC = NO;
				GCC_NO_COMMON_BLOCKS = YES;
				GCC_OPTIMIZATION_LEVEL = 0;
				GCC_PREPROCESSOR_DEFINITIONS = (
					"DEBUG=1",
					"$(inherited)",
				);
				GCC_WARN_64_TO_32_BIT_CONVERSION = YES;
				GCC_WARN_ABOUT_RETURN_TYPE = YES_ERROR;
				GCC_WARN_UNDECLARED_SELECTOR = YES;
				GCC_WARN_UNINITIALIZED_AUTOS = YES_AGGRESSIVE;
				GCC_WARN_UNUSED_FUNCTION = YES;
				GCC_WARN_UNUSED_VARIABLE = YES;
				IPHONEOS_DEPLOYMENT_TARGET = 11.0;
				MTL_ENABLE_DEBUG_INFO = YES;
				ONLY_ACTIVE_ARCH = YES;
				SDKROOT = iphoneos;
				SWIFT_ACTIVE_COMPILATION_CONDITIONS = DEBUG;
				SWIFT_OPTIMIZATION_LEVEL = "-Onone";
			};
			name = Debug;
		};
		0AAEEA191FA7DEDB001E9FFD /* Release */ = {
			isa = XCBuildConfiguration;
			buildSettings = {
				ALWAYS_SEARCH_USER_PATHS = NO;
				CLANG_ANALYZER_NONNULL = YES;
				CLANG_ANALYZER_NUMBER_OBJECT_CONVERSION = YES_AGGRESSIVE;
				CLANG_CXX_LANGUAGE_STANDARD = "gnu++14";
				CLANG_CXX_LIBRARY = "libc++";
				CLANG_ENABLE_MODULES = YES;
				CLANG_ENABLE_OBJC_ARC = YES;
				CLANG_WARN_BLOCK_CAPTURE_AUTORELEASING = YES;
				CLANG_WARN_BOOL_CONVERSION = YES;
				CLANG_WARN_COMMA = YES;
				CLANG_WARN_CONSTANT_CONVERSION = YES;
				CLANG_WARN_DIRECT_OBJC_ISA_USAGE = YES_ERROR;
				CLANG_WARN_DOCUMENTATION_COMMENTS = YES;
				CLANG_WARN_EMPTY_BODY = YES;
				CLANG_WARN_ENUM_CONVERSION = YES;
				CLANG_WARN_INFINITE_RECURSION = YES;
				CLANG_WARN_INT_CONVERSION = YES;
				CLANG_WARN_NON_LITERAL_NULL_CONVERSION = YES;
				CLANG_WARN_OBJC_LITERAL_CONVERSION = YES;
				CLANG_WARN_OBJC_ROOT_CLASS = YES_ERROR;
				CLANG_WARN_RANGE_LOOP_ANALYSIS = YES;
				CLANG_WARN_STRICT_PROTOTYPES = YES;
				CLANG_WARN_SUSPICIOUS_MOVE = YES;
				CLANG_WARN_UNGUARDED_AVAILABILITY = YES_AGGRESSIVE;
				CLANG_WARN_UNREACHABLE_CODE = YES;
				CLANG_WARN__DUPLICATE_METHOD_MATCH = YES;
				CODE_SIGN_IDENTITY = "iPhone Developer";
				COPY_PHASE_STRIP = NO;
				DEBUG_INFORMATION_FORMAT = "dwarf-with-dsym";
				ENABLE_NS_ASSERTIONS = NO;
				ENABLE_STRICT_OBJC_MSGSEND = YES;
				GCC_C_LANGUAGE_STANDARD = gnu11;
				GCC_NO_COMMON_BLOCKS = YES;
				GCC_WARN_64_TO_32_BIT_CONVERSION = YES;
				GCC_WARN_ABOUT_RETURN_TYPE = YES_ERROR;
				GCC_WARN_UNDECLARED_SELECTOR = YES;
				GCC_WARN_UNINITIALIZED_AUTOS = YES_AGGRESSIVE;
				GCC_WARN_UNUSED_FUNCTION = YES;
				GCC_WARN_UNUSED_VARIABLE = YES;
				IPHONEOS_DEPLOYMENT_TARGET = 11.0;
				MTL_ENABLE_DEBUG_INFO = NO;
				SDKROOT = iphoneos;
				SWIFT_OPTIMIZATION_LEVEL = "-Owholemodule";
				VALIDATE_PRODUCT = YES;
			};
			name = Release;
		};
		0AAEEA1B1FA7DEDB001E9FFD /* Debug */ = {
			isa = XCBuildConfiguration;
			buildSettings = {
				ASSETCATALOG_COMPILER_APPICON_NAME = AppIcon;
				CODE_SIGN_STYLE = Automatic;
				INFOPLIST_FILE = MyVideo/Info.plist;
				LD_RUNPATH_SEARCH_PATHS = "$(inherited) @executable_path/Frameworks";
				PRODUCT_BUNDLE_IDENTIFIER = edu.rockvalleycollege.MyVideo;
				PRODUCT_NAME = "$(TARGET_NAME)";
				SWIFT_VERSION = 4.0;
				TARGETED_DEVICE_FAMILY = "1,2";
			};
			name = Debug;
		};
		0AAEEA1C1FA7DEDB001E9FFD /* Release */ = {
			isa = XCBuildConfiguration;
			buildSettings = {
				ASSETCATALOG_COMPILER_APPICON_NAME = AppIcon;
				CODE_SIGN_STYLE = Automatic;
				INFOPLIST_FILE = MyVideo/Info.plist;
				LD_RUNPATH_SEARCH_PATHS = "$(inherited) @executable_path/Frameworks";
				PRODUCT_BUNDLE_IDENTIFIER = edu.rockvalleycollege.MyVideo;
				PRODUCT_NAME = "$(TARGET_NAME)";
				SWIFT_VERSION = 4.0;
				TARGETED_DEVICE_FAMILY = "1,2";
			};
			name = Release;
		};
/* End XCBuildConfiguration section */

/* Begin XCConfigurationList section */
		0AAEEA031FA7DEDB001E9FFD /* Build configuration list for PBXProject "MyVideo" */ = {
			isa = XCConfigurationList;
			buildConfigurations = (
				0AAEEA181FA7DEDB001E9FFD /* Debug */,
				0AAEEA191FA7DEDB001E9FFD /* Release */,
			);
			defaultConfigurationIsVisible = 0;
			defaultConfigurationName = Release;
		};
		0AAEEA1A1FA7DEDB001E9FFD /* Build configuration list for PBXNativeTarget "MyVideo" */ = {
			isa = XCConfigurationList;
			buildConfigurations = (
				0AAEEA1B1FA7DEDB001E9FFD /* Debug */,
				0AAEEA1C1FA7DEDB001E9FFD /* Release */,
			);
			defaultConfigurationIsVisible = 0;
			defaultConfigurationName = Release;
		};
/* End XCConfigurationList section */
	};
	rootObject = 0AAEEA001FA7DEDB001E9FFD /* Project object */;
}
